// !$*UTF8*$!
{
	archiveVersion = 1;
	classes = {
	};
	objectVersion = 77;
	objects = {

/* Begin PBXBuildFile section */
		393605342F1FFBA700B26EB7 /* MangaView.swift in Sources */ = {isa = PBXBuildFile; fileRef = 393605312F1FFBA700B26EB7 /* MangaView.swift */; };
		393605362F1FFBA700B26EB7 /* Assets.xcassets in Resources */ = {isa = PBXBuildFile; fileRef = 393605302F1FFBA700B26EB7 /* Assets.xcassets */; };
		3936055C2F1FFE5800B26EB7 /* MangaSDPIcon.icon in Resources */ = {isa = PBXBuildFile; fileRef = 3936055B2F1FFE5800B26EB7 /* MangaSDPIcon.icon */; };
		393605A12F20061A00B26EB7 /* MangaSDPApp.swift in Sources */ = {isa = PBXBuildFile; fileRef = 3936059F2F20061A00B26EB7 /* MangaSDPApp.swift */; };
		393605A42F2008A500B26EB7 /* MangaItemDTO.swift in Sources */ = {isa = PBXBuildFile; fileRef = 393605A32F2008A500B26EB7 /* MangaItemDTO.swift */; };
		393605A62F200EA300B26EB7 /* ThemeDTO.swift in Sources */ = {isa = PBXBuildFile; fileRef = 393605A52F200EA300B26EB7 /* ThemeDTO.swift */; };
		393605A82F20100C00B26EB7 /* DemographicDTO.swift in Sources */ = {isa = PBXBuildFile; fileRef = 393605A72F20100C00B26EB7 /* DemographicDTO.swift */; };
		393605AA2F20119D00B26EB7 /* AuthorDTO.swift in Sources */ = {isa = PBXBuildFile; fileRef = 393605A92F20119D00B26EB7 /* AuthorDTO.swift */; };
		393605AC2F2011DD00B26EB7 /* GenreDTO.swift in Sources */ = {isa = PBXBuildFile; fileRef = 393605AB2F2011DD00B26EB7 /* GenreDTO.swift */; };
		393605AE2F20122300B26EB7 /* MetadataDTO.swift in Sources */ = {isa = PBXBuildFile; fileRef = 393605AD2F20122300B26EB7 /* MetadataDTO.swift */; };
		393605B02F20124E00B26EB7 /* Manga.swift in Sources */ = {isa = PBXBuildFile; fileRef = 393605AF2F20124E00B26EB7 /* Manga.swift */; };
		393605B32F223ED400B26EB7 /* URL.swift in Sources */ = {isa = PBXBuildFile; fileRef = 393605B22F223ED400B26EB7 /* URL.swift */; };
		393605B52F22408D00B26EB7 /* URLRequest.swift in Sources */ = {isa = PBXBuildFile; fileRef = 393605B42F22408D00B26EB7 /* URLRequest.swift */; };
		393605B72F22417500B26EB7 /* URLSession.swift in Sources */ = {isa = PBXBuildFile; fileRef = 393605B62F22417500B26EB7 /* URLSession.swift */; };
		393605B92F2241F800B26EB7 /* NetworkError.swift in Sources */ = {isa = PBXBuildFile; fileRef = 393605B82F2241F800B26EB7 /* NetworkError.swift */; };
		393605BB2F2243CE00B26EB7 /* NetworkInteractor.swift in Sources */ = {isa = PBXBuildFile; fileRef = 393605BA2F2243CE00B26EB7 /* NetworkInteractor.swift */; };
		393605BE2F22445F00B26EB7 /* NetworkRepository.swift in Sources */ = {isa = PBXBuildFile; fileRef = 393605BD2F22445F00B26EB7 /* NetworkRepository.swift */; };
		393605C12F24D69000B26EB7 /* MangaItem.swift in Sources */ = {isa = PBXBuildFile; fileRef = 393605C02F24D69000B26EB7 /* MangaItem.swift */; };
		393605C52F24DBEF00B26EB7 /* DataContainer.swift in Sources */ = {isa = PBXBuildFile; fileRef = 393605C42F24DBEF00B26EB7 /* DataContainer.swift */; };
		393605CA2F28DDD200B26EB7 /* MainTabView.swift in Sources */ = {isa = PBXBuildFile; fileRef = 393605C92F28DDD200B26EB7 /* MainTabView.swift */; };
		393605CD2F28E64C00B26EB7 /* MangaRow.swift in Sources */ = {isa = PBXBuildFile; fileRef = 393605CC2F28E64C00B26EB7 /* MangaRow.swift */; };
		393605CF2F28E6A000B26EB7 /* MangaDetailView.swift in Sources */ = {isa = PBXBuildFile; fileRef = 393605CE2F28E6A000B26EB7 /* MangaDetailView.swift */; };
		3989DBF62F2BC3B700B50DFE /* MangaImageView.swift in Sources */ = {isa = PBXBuildFile; fileRef = 3989DBF52F2BC3B700B50DFE /* MangaImageView.swift */; };
		3989DBF92F2E233900B50DFE /* View+Extension.swift in Sources */ = {isa = PBXBuildFile; fileRef = 3989DBF82F2E233900B50DFE /* View+Extension.swift */; };
		3989DBFB2F2E237300B50DFE /* String+Extension.swift in Sources */ = {isa = PBXBuildFile; fileRef = 3989DBFA2F2E237300B50DFE /* String+Extension.swift */; };
		3989DBFD2F2E307700B50DFE /* DottedLine.swift in Sources */ = {isa = PBXBuildFile; fileRef = 3989DBFC2F2E307700B50DFE /* DottedLine.swift */; };
		3989DBFF2F2E928E00B50DFE /* LabeledInlineText.swift in Sources */ = {isa = PBXBuildFile; fileRef = 3989DBFE2F2E928E00B50DFE /* LabeledInlineText.swift */; };
		3989DC3F2F311F0700B50DFE /* MangaUser.swift in Sources */ = {isa = PBXBuildFile; fileRef = 3989DC3E2F311F0700B50DFE /* MangaUser.swift */; };
		3989DC422F3120E200B50DFE /* MangaUserViewModel.swift in Sources */ = {isa = PBXBuildFile; fileRef = 3989DC412F3120E200B50DFE /* MangaUserViewModel.swift */; };
		3989DC442F320B7800B50DFE /* MangaUserView.swift in Sources */ = {isa = PBXBuildFile; fileRef = 3989DC432F320B7800B50DFE /* MangaUserView.swift */; };
		3989DC462F32596D00B50DFE /* MangaUserRow.swift in Sources */ = {isa = PBXBuildFile; fileRef = 3989DC452F32596D00B50DFE /* MangaUserRow.swift */; };
		3989DC492F325F6B00B50DFE /* MangaImageSize.swift in Sources */ = {isa = PBXBuildFile; fileRef = 3989DC482F325F6B00B50DFE /* MangaImageSize.swift */; };
		3989DC4B2F32717F00B50DFE /* MangaUserDetailView.swift in Sources */ = {isa = PBXBuildFile; fileRef = 3989DC4A2F32717F00B50DFE /* MangaUserDetailView.swift */; };
/* End PBXBuildFile section */

/* Begin PBXFileReference section */
		393605222F1FFA9000B26EB7 /* MangaSDP.app */ = {isa = PBXFileReference; explicitFileType = wrapper.application; includeInIndex = 0; path = MangaSDP.app; sourceTree = BUILT_PRODUCTS_DIR; };
		393605302F1FFBA700B26EB7 /* Assets.xcassets */ = {isa = PBXFileReference; lastKnownFileType = folder.assetcatalog; path = Assets.xcassets; sourceTree = "<group>"; };
		393605312F1FFBA700B26EB7 /* MangaView.swift */ = {isa = PBXFileReference; lastKnownFileType = sourcecode.swift; path = MangaView.swift; sourceTree = "<group>"; };
		3936055B2F1FFE5800B26EB7 /* MangaSDPIcon.icon */ = {isa = PBXFileReference; lastKnownFileType = folder.iconcomposer.icon; path = MangaSDPIcon.icon; sourceTree = "<group>"; };
		3936059F2F20061A00B26EB7 /* MangaSDPApp.swift */ = {isa = PBXFileReference; lastKnownFileType = sourcecode.swift; path = MangaSDPApp.swift; sourceTree = "<group>"; };
		393605A32F2008A500B26EB7 /* MangaItemDTO.swift */ = {isa = PBXFileReference; lastKnownFileType = sourcecode.swift; path = MangaItemDTO.swift; sourceTree = "<group>"; };
		393605A52F200EA300B26EB7 /* ThemeDTO.swift */ = {isa = PBXFileReference; lastKnownFileType = sourcecode.swift; path = ThemeDTO.swift; sourceTree = "<group>"; };
		393605A72F20100C00B26EB7 /* DemographicDTO.swift */ = {isa = PBXFileReference; lastKnownFileType = sourcecode.swift; path = DemographicDTO.swift; sourceTree = "<group>"; };
		393605A92F20119D00B26EB7 /* AuthorDTO.swift */ = {isa = PBXFileReference; lastKnownFileType = sourcecode.swift; path = AuthorDTO.swift; sourceTree = "<group>"; };
		393605AB2F2011DD00B26EB7 /* GenreDTO.swift */ = {isa = PBXFileReference; lastKnownFileType = sourcecode.swift; path = GenreDTO.swift; sourceTree = "<group>"; };
		393605AD2F20122300B26EB7 /* MetadataDTO.swift */ = {isa = PBXFileReference; lastKnownFileType = sourcecode.swift; path = MetadataDTO.swift; sourceTree = "<group>"; };
		393605AF2F20124E00B26EB7 /* Manga.swift */ = {isa = PBXFileReference; lastKnownFileType = sourcecode.swift; path = Manga.swift; sourceTree = "<group>"; };
		393605B22F223ED400B26EB7 /* URL.swift */ = {isa = PBXFileReference; lastKnownFileType = sourcecode.swift; path = URL.swift; sourceTree = "<group>"; };
		393605B42F22408D00B26EB7 /* URLRequest.swift */ = {isa = PBXFileReference; lastKnownFileType = sourcecode.swift; path = URLRequest.swift; sourceTree = "<group>"; };
		393605B62F22417500B26EB7 /* URLSession.swift */ = {isa = PBXFileReference; lastKnownFileType = sourcecode.swift; path = URLSession.swift; sourceTree = "<group>"; };
		393605B82F2241F800B26EB7 /* NetworkError.swift */ = {isa = PBXFileReference; lastKnownFileType = sourcecode.swift; path = NetworkError.swift; sourceTree = "<group>"; };
		393605BA2F2243CE00B26EB7 /* NetworkInteractor.swift */ = {isa = PBXFileReference; lastKnownFileType = sourcecode.swift; path = NetworkInteractor.swift; sourceTree = "<group>"; };
		393605BD2F22445F00B26EB7 /* NetworkRepository.swift */ = {isa = PBXFileReference; lastKnownFileType = sourcecode.swift; path = NetworkRepository.swift; sourceTree = "<group>"; };
		393605C02F24D69000B26EB7 /* MangaItem.swift */ = {isa = PBXFileReference; lastKnownFileType = sourcecode.swift; path = MangaItem.swift; sourceTree = "<group>"; };
		393605C42F24DBEF00B26EB7 /* DataContainer.swift */ = {isa = PBXFileReference; lastKnownFileType = sourcecode.swift; path = DataContainer.swift; sourceTree = "<group>"; };
		393605C92F28DDD200B26EB7 /* MainTabView.swift */ = {isa = PBXFileReference; lastKnownFileType = sourcecode.swift; path = MainTabView.swift; sourceTree = "<group>"; };
		393605CC2F28E64C00B26EB7 /* MangaRow.swift */ = {isa = PBXFileReference; lastKnownFileType = sourcecode.swift; path = MangaRow.swift; sourceTree = "<group>"; };
		393605CE2F28E6A000B26EB7 /* MangaDetailView.swift */ = {isa = PBXFileReference; lastKnownFileType = sourcecode.swift; path = MangaDetailView.swift; sourceTree = "<group>"; };
		3989DBF52F2BC3B700B50DFE /* MangaImageView.swift */ = {isa = PBXFileReference; lastKnownFileType = sourcecode.swift; path = MangaImageView.swift; sourceTree = "<group>"; };
		3989DBF82F2E233900B50DFE /* View+Extension.swift */ = {isa = PBXFileReference; lastKnownFileType = sourcecode.swift; path = "View+Extension.swift"; sourceTree = "<group>"; };
		3989DBFA2F2E237300B50DFE /* String+Extension.swift */ = {isa = PBXFileReference; lastKnownFileType = sourcecode.swift; path = "String+Extension.swift"; sourceTree = "<group>"; };
		3989DBFC2F2E307700B50DFE /* DottedLine.swift */ = {isa = PBXFileReference; lastKnownFileType = sourcecode.swift; path = DottedLine.swift; sourceTree = "<group>"; };
		3989DBFE2F2E928E00B50DFE /* LabeledInlineText.swift */ = {isa = PBXFileReference; lastKnownFileType = sourcecode.swift; path = LabeledInlineText.swift; sourceTree = "<group>"; };
		3989DC3E2F311F0700B50DFE /* MangaUser.swift */ = {isa = PBXFileReference; lastKnownFileType = sourcecode.swift; path = MangaUser.swift; sourceTree = "<group>"; };
		3989DC412F3120E200B50DFE /* MangaUserViewModel.swift */ = {isa = PBXFileReference; lastKnownFileType = sourcecode.swift; path = MangaUserViewModel.swift; sourceTree = "<group>"; };
		3989DC432F320B7800B50DFE /* MangaUserView.swift */ = {isa = PBXFileReference; lastKnownFileType = sourcecode.swift; path = MangaUserView.swift; sourceTree = "<group>"; };
		3989DC452F32596D00B50DFE /* MangaUserRow.swift */ = {isa = PBXFileReference; lastKnownFileType = sourcecode.swift; path = MangaUserRow.swift; sourceTree = "<group>"; };
		3989DC482F325F6B00B50DFE /* MangaImageSize.swift */ = {isa = PBXFileReference; lastKnownFileType = sourcecode.swift; path = MangaImageSize.swift; sourceTree = "<group>"; };
		3989DC4A2F32717F00B50DFE /* MangaUserDetailView.swift */ = {isa = PBXFileReference; lastKnownFileType = sourcecode.swift; path = MangaUserDetailView.swift; sourceTree = "<group>"; };
/* End PBXFileReference section */

/* Begin PBXFrameworksBuildPhase section */
		3936051F2F1FFA9000B26EB7 /* Frameworks */ = {
			isa = PBXFrameworksBuildPhase;
			buildActionMask = 2147483647;
			files = (
			);
			runOnlyForDeploymentPostprocessing = 0;
		};
/* End PBXFrameworksBuildPhase section */

/* Begin PBXGroup section */
		393605192F1FFA9000B26EB7 = {
			isa = PBXGroup;
			children = (
				393605332F1FFBA700B26EB7 /* MangaSDP */,
				393605232F1FFA9000B26EB7 /* Products */,
			);
			sourceTree = "<group>";
		};
		393605232F1FFA9000B26EB7 /* Products */ = {
			isa = PBXGroup;
			children = (
				393605222F1FFA9000B26EB7 /* MangaSDP.app */,
			);
			name = Products;
			sourceTree = "<group>";
		};
		393605332F1FFBA700B26EB7 /* MangaSDP */ = {
			isa = PBXGroup;
			children = (
				393605C82F28DA8E00B26EB7 /* Views */,
				3989DC402F3120C200B50DFE /* ViewModel */,
				393605CB2F28E63500B26EB7 /* Components */,
				393605BF2F24D5F800B26EB7 /* DataModel */,
				393605A22F20062300B26EB7 /* Model */,
				393605B12F20E82400B26EB7 /* Interfaz */,
				393605BC2F22444200B26EB7 /* Repository */,
				3989DC472F325F3A00B50DFE /* Enums */,
				3989DBF72F2E231C00B50DFE /* Extensions */,
				393605A02F20061A00B26EB7 /* System */,
				393605302F1FFBA700B26EB7 /* Assets.xcassets */,
				3936055B2F1FFE5800B26EB7 /* MangaSDPIcon.icon */,
			);
			path = MangaSDP;
			sourceTree = "<group>";
		};
		393605A02F20061A00B26EB7 /* System */ = {
			isa = PBXGroup;
			children = (
				3936059F2F20061A00B26EB7 /* MangaSDPApp.swift */,
			);
			path = System;
			sourceTree = "<group>";
		};
		393605A22F20062300B26EB7 /* Model */ = {
			isa = PBXGroup;
			children = (
				393605AF2F20124E00B26EB7 /* Manga.swift */,
				393605A32F2008A500B26EB7 /* MangaItemDTO.swift */,
				393605AD2F20122300B26EB7 /* MetadataDTO.swift */,
				393605A92F20119D00B26EB7 /* AuthorDTO.swift */,
				393605A72F20100C00B26EB7 /* DemographicDTO.swift */,
				393605AB2F2011DD00B26EB7 /* GenreDTO.swift */,
				393605A52F200EA300B26EB7 /* ThemeDTO.swift */,
			);
			path = Model;
			sourceTree = "<group>";
		};
		393605B12F20E82400B26EB7 /* Interfaz */ = {
			isa = PBXGroup;
			children = (
				393605B22F223ED400B26EB7 /* URL.swift */,
				393605B42F22408D00B26EB7 /* URLRequest.swift */,
				393605B62F22417500B26EB7 /* URLSession.swift */,
				393605B82F2241F800B26EB7 /* NetworkError.swift */,
				393605BA2F2243CE00B26EB7 /* NetworkInteractor.swift */,
			);
			path = Interfaz;
			sourceTree = "<group>";
		};
		393605BC2F22444200B26EB7 /* Repository */ = {
			isa = PBXGroup;
			children = (
				393605BD2F22445F00B26EB7 /* NetworkRepository.swift */,
			);
			path = Repository;
			sourceTree = "<group>";
		};
		393605BF2F24D5F800B26EB7 /* DataModel */ = {
			isa = PBXGroup;
			children = (
				393605C42F24DBEF00B26EB7 /* DataContainer.swift */,
				393605C02F24D69000B26EB7 /* MangaItem.swift */,
				3989DC3E2F311F0700B50DFE /* MangaUser.swift */,
			);
			path = DataModel;
			sourceTree = "<group>";
		};
		393605C82F28DA8E00B26EB7 /* Views */ = {
			isa = PBXGroup;
			children = (
				393605C92F28DDD200B26EB7 /* MainTabView.swift */,
				393605312F1FFBA700B26EB7 /* MangaView.swift */,
				393605CE2F28E6A000B26EB7 /* MangaDetailView.swift */,
				3989DC432F320B7800B50DFE /* MangaUserView.swift */,
				3989DC4A2F32717F00B50DFE /* MangaUserDetailView.swift */,
			);
			path = Views;
			sourceTree = "<group>";
		};
		393605CB2F28E63500B26EB7 /* Components */ = {
			isa = PBXGroup;
			children = (
				3989DBFC2F2E307700B50DFE /* DottedLine.swift */,
				3989DBFE2F2E928E00B50DFE /* LabeledInlineText.swift */,
				393605CC2F28E64C00B26EB7 /* MangaRow.swift */,
				3989DBF52F2BC3B700B50DFE /* MangaImageView.swift */,
				3989DC452F32596D00B50DFE /* MangaUserRow.swift */,
			);
			path = Components;
			sourceTree = "<group>";
		};
		3989DBF72F2E231C00B50DFE /* Extensions */ = {
			isa = PBXGroup;
			children = (
				3989DBFA2F2E237300B50DFE /* String+Extension.swift */,
				3989DBF82F2E233900B50DFE /* View+Extension.swift */,
			);
			path = Extensions;
			sourceTree = "<group>";
		};
		3989DC402F3120C200B50DFE /* ViewModel */ = {
			isa = PBXGroup;
			children = (
				3989DC412F3120E200B50DFE /* MangaUserViewModel.swift */,
			);
			path = ViewModel;
			sourceTree = "<group>";
		};
		3989DC472F325F3A00B50DFE /* Enums */ = {
			isa = PBXGroup;
			children = (
				3989DC482F325F6B00B50DFE /* MangaImageSize.swift */,
			);
			path = Enums;
			sourceTree = "<group>";
		};
/* End PBXGroup section */

/* Begin PBXNativeTarget section */
		393605212F1FFA9000B26EB7 /* MangaSDP */ = {
			isa = PBXNativeTarget;
			buildConfigurationList = 3936052D2F1FFA9100B26EB7 /* Build configuration list for PBXNativeTarget "MangaSDP" */;
			buildPhases = (
				3936051E2F1FFA9000B26EB7 /* Sources */,
				3936051F2F1FFA9000B26EB7 /* Frameworks */,
				393605202F1FFA9000B26EB7 /* Resources */,
			);
			buildRules = (
			);
			dependencies = (
			);
			name = MangaSDP;
			packageProductDependencies = (
			);
			productName = MangaSDP;
			productReference = 393605222F1FFA9000B26EB7 /* MangaSDP.app */;
			productType = "com.apple.product-type.application";
		};
/* End PBXNativeTarget section */

/* Begin PBXProject section */
		3936051A2F1FFA9000B26EB7 /* Project object */ = {
			isa = PBXProject;
			attributes = {
				BuildIndependentTargetsInParallel = 1;
				LastSwiftUpdateCheck = 2620;
				LastUpgradeCheck = 2620;
				TargetAttributes = {
					393605212F1FFA9000B26EB7 = {
						CreatedOnToolsVersion = 26.2;
					};
				};
			};
			buildConfigurationList = 3936051D2F1FFA9000B26EB7 /* Build configuration list for PBXProject "MangaSDP" */;
			developmentRegion = en;
			hasScannedForEncodings = 0;
			knownRegions = (
				en,
				Base,
			);
			mainGroup = 393605192F1FFA9000B26EB7;
			minimizedProjectReferenceProxies = 1;
			preferredProjectObjectVersion = 77;
			productRefGroup = 393605232F1FFA9000B26EB7 /* Products */;
			projectDirPath = "";
			projectRoot = "";
			targets = (
				393605212F1FFA9000B26EB7 /* MangaSDP */,
			);
		};
/* End PBXProject section */

/* Begin PBXResourcesBuildPhase section */
		393605202F1FFA9000B26EB7 /* Resources */ = {
			isa = PBXResourcesBuildPhase;
			buildActionMask = 2147483647;
			files = (
				3936055C2F1FFE5800B26EB7 /* MangaSDPIcon.icon in Resources */,
				393605362F1FFBA700B26EB7 /* Assets.xcassets in Resources */,
			);
			runOnlyForDeploymentPostprocessing = 0;
		};
/* End PBXResourcesBuildPhase section */

/* Begin PBXSourcesBuildPhase section */
		3936051E2F1FFA9000B26EB7 /* Sources */ = {
			isa = PBXSourcesBuildPhase;
			buildActionMask = 2147483647;
			files = (
				393605BB2F2243CE00B26EB7 /* NetworkInteractor.swift in Sources */,
				393605B02F20124E00B26EB7 /* Manga.swift in Sources */,
				393605AA2F20119D00B26EB7 /* AuthorDTO.swift in Sources */,
				393605BE2F22445F00B26EB7 /* NetworkRepository.swift in Sources */,
				393605B72F22417500B26EB7 /* URLSession.swift in Sources */,
				393605CD2F28E64C00B26EB7 /* MangaRow.swift in Sources */,
				393605A42F2008A500B26EB7 /* MangaItemDTO.swift in Sources */,
				3989DBFF2F2E928E00B50DFE /* LabeledInlineText.swift in Sources */,
				3989DBF62F2BC3B700B50DFE /* MangaImageView.swift in Sources */,
				3989DC3F2F311F0700B50DFE /* MangaUser.swift in Sources */,
				393605AE2F20122300B26EB7 /* MetadataDTO.swift in Sources */,
				393605A82F20100C00B26EB7 /* DemographicDTO.swift in Sources */,
				393605B32F223ED400B26EB7 /* URL.swift in Sources */,
				393605A62F200EA300B26EB7 /* ThemeDTO.swift in Sources */,
				3989DBFB2F2E237300B50DFE /* String+Extension.swift in Sources */,
				393605C52F24DBEF00B26EB7 /* DataContainer.swift in Sources */,
				393605CA2F28DDD200B26EB7 /* MainTabView.swift in Sources */,
				3989DBFD2F2E307700B50DFE /* DottedLine.swift in Sources */,
				3989DC4B2F32717F00B50DFE /* MangaUserDetailView.swift in Sources */,
				393605B52F22408D00B26EB7 /* URLRequest.swift in Sources */,
				393605A12F20061A00B26EB7 /* MangaSDPApp.swift in Sources */,
				3989DC442F320B7800B50DFE /* MangaUserView.swift in Sources */,
				3989DC422F3120E200B50DFE /* MangaUserViewModel.swift in Sources */,
				3989DC462F32596D00B50DFE /* MangaUserRow.swift in Sources */,
				393605B92F2241F800B26EB7 /* NetworkError.swift in Sources */,
				393605C12F24D69000B26EB7 /* MangaItem.swift in Sources */,
				3989DC492F325F6B00B50DFE /* MangaImageSize.swift in Sources */,
				3989DBF92F2E233900B50DFE /* View+Extension.swift in Sources */,
				393605342F1FFBA700B26EB7 /* MangaView.swift in Sources */,
				393605CF2F28E6A000B26EB7 /* MangaDetailView.swift in Sources */,
				393605AC2F2011DD00B26EB7 /* GenreDTO.swift in Sources */,
			);
			runOnlyForDeploymentPostprocessing = 0;
		};
/* End PBXSourcesBuildPhase section */

/* Begin XCBuildConfiguration section */
		3936052B2F1FFA9100B26EB7 /* Debug */ = {
			isa = XCBuildConfiguration;
			buildSettings = {
				ALWAYS_SEARCH_USER_PATHS = NO;
				ASSETCATALOG_COMPILER_GENERATE_SWIFT_ASSET_SYMBOL_EXTENSIONS = YES;
				CLANG_ANALYZER_NONNULL = YES;
				CLANG_ANALYZER_NUMBER_OBJECT_CONVERSION = YES_AGGRESSIVE;
				CLANG_CXX_LANGUAGE_STANDARD = "gnu++20";
				CLANG_ENABLE_MODULES = YES;
				CLANG_ENABLE_OBJC_ARC = YES;
				CLANG_ENABLE_OBJC_WEAK = YES;
				CLANG_WARN_BLOCK_CAPTURE_AUTORELEASING = YES;
				CLANG_WARN_BOOL_CONVERSION = YES;
				CLANG_WARN_COMMA = YES;
				CLANG_WARN_CONSTANT_CONVERSION = YES;
				CLANG_WARN_DEPRECATED_OBJC_IMPLEMENTATIONS = YES;
				CLANG_WARN_DIRECT_OBJC_ISA_USAGE = YES_ERROR;
				CLANG_WARN_DOCUMENTATION_COMMENTS = YES;
				CLANG_WARN_EMPTY_BODY = YES;
				CLANG_WARN_ENUM_CONVERSION = YES;
				CLANG_WARN_INFINITE_RECURSION = YES;
				CLANG_WARN_INT_CONVERSION = YES;
				CLANG_WARN_NON_LITERAL_NULL_CONVERSION = YES;
				CLANG_WARN_OBJC_IMPLICIT_RETAIN_SELF = YES;
				CLANG_WARN_OBJC_LITERAL_CONVERSION = YES;
				CLANG_WARN_OBJC_ROOT_CLASS = YES_ERROR;
				CLANG_WARN_QUOTED_INCLUDE_IN_FRAMEWORK_HEADER = YES;
				CLANG_WARN_RANGE_LOOP_ANALYSIS = YES;
				CLANG_WARN_STRICT_PROTOTYPES = YES;
				CLANG_WARN_SUSPICIOUS_MOVE = YES;
				CLANG_WARN_UNGUARDED_AVAILABILITY = YES_AGGRESSIVE;
				CLANG_WARN_UNREACHABLE_CODE = YES;
				CLANG_WARN__DUPLICATE_METHOD_MATCH = YES;
				COPY_PHASE_STRIP = NO;
				DEBUG_INFORMATION_FORMAT = dwarf;
				DEVELOPMENT_TEAM = AZRCQMBTMA;
				ENABLE_STRICT_OBJC_MSGSEND = YES;
				ENABLE_TESTABILITY = YES;
				ENABLE_USER_SCRIPT_SANDBOXING = YES;
				GCC_C_LANGUAGE_STANDARD = gnu17;
				GCC_DYNAMIC_NO_PIC = NO;
				GCC_NO_COMMON_BLOCKS = YES;
				GCC_OPTIMIZATION_LEVEL = 0;
				GCC_PREPROCESSOR_DEFINITIONS = (
					"DEBUG=1",
					"$(inherited)",
				);
				GCC_WARN_64_TO_32_BIT_CONVERSION = YES;
				GCC_WARN_ABOUT_RETURN_TYPE = YES_ERROR;
				GCC_WARN_UNDECLARED_SELECTOR = YES;
				GCC_WARN_UNINITIALIZED_AUTOS = YES_AGGRESSIVE;
				GCC_WARN_UNUSED_FUNCTION = YES;
				GCC_WARN_UNUSED_VARIABLE = YES;
				IPHONEOS_DEPLOYMENT_TARGET = 26.2;
				LOCALIZATION_PREFERS_STRING_CATALOGS = YES;
				MTL_ENABLE_DEBUG_INFO = INCLUDE_SOURCE;
				MTL_FAST_MATH = YES;
				ONLY_ACTIVE_ARCH = YES;
				SDKROOT = iphoneos;
				SWIFT_ACTIVE_COMPILATION_CONDITIONS = "DEBUG $(inherited)";
				SWIFT_OPTIMIZATION_LEVEL = "-Onone";
			};
			name = Debug;
		};
		3936052C2F1FFA9100B26EB7 /* Release */ = {
			isa = XCBuildConfiguration;
			buildSettings = {
				ALWAYS_SEARCH_USER_PATHS = NO;
				ASSETCATALOG_COMPILER_GENERATE_SWIFT_ASSET_SYMBOL_EXTENSIONS = YES;
				CLANG_ANALYZER_NONNULL = YES;
				CLANG_ANALYZER_NUMBER_OBJECT_CONVERSION = YES_AGGRESSIVE;
				CLANG_CXX_LANGUAGE_STANDARD = "gnu++20";
				CLANG_ENABLE_MODULES = YES;
				CLANG_ENABLE_OBJC_ARC = YES;
				CLANG_ENABLE_OBJC_WEAK = YES;
				CLANG_WARN_BLOCK_CAPTURE_AUTORELEASING = YES;
				CLANG_WARN_BOOL_CONVERSION = YES;
				CLANG_WARN_COMMA = YES;
				CLANG_WARN_CONSTANT_CONVERSION = YES;
				CLANG_WARN_DEPRECATED_OBJC_IMPLEMENTATIONS = YES;
				CLANG_WARN_DIRECT_OBJC_ISA_USAGE = YES_ERROR;
				CLANG_WARN_DOCUMENTATION_COMMENTS = YES;
				CLANG_WARN_EMPTY_BODY = YES;
				CLANG_WARN_ENUM_CONVERSION = YES;
				CLANG_WARN_INFINITE_RECURSION = YES;
				CLANG_WARN_INT_CONVERSION = YES;
				CLANG_WARN_NON_LITERAL_NULL_CONVERSION = YES;
				CLANG_WARN_OBJC_IMPLICIT_RETAIN_SELF = YES;
				CLANG_WARN_OBJC_LITERAL_CONVERSION = YES;
				CLANG_WARN_OBJC_ROOT_CLASS = YES_ERROR;
				CLANG_WARN_QUOTED_INCLUDE_IN_FRAMEWORK_HEADER = YES;
				CLANG_WARN_RANGE_LOOP_ANALYSIS = YES;
				CLANG_WARN_STRICT_PROTOTYPES = YES;
				CLANG_WARN_SUSPICIOUS_MOVE = YES;
				CLANG_WARN_UNGUARDED_AVAILABILITY = YES_AGGRESSIVE;
				CLANG_WARN_UNREACHABLE_CODE = YES;
				CLANG_WARN__DUPLICATE_METHOD_MATCH = YES;
				COPY_PHASE_STRIP = NO;
				DEBUG_INFORMATION_FORMAT = "dwarf-with-dsym";
				DEVELOPMENT_TEAM = AZRCQMBTMA;
				ENABLE_NS_ASSERTIONS = NO;
				ENABLE_STRICT_OBJC_MSGSEND = YES;
				ENABLE_USER_SCRIPT_SANDBOXING = YES;
				GCC_C_LANGUAGE_STANDARD = gnu17;
				GCC_NO_COMMON_BLOCKS = YES;
				GCC_WARN_64_TO_32_BIT_CONVERSION = YES;
				GCC_WARN_ABOUT_RETURN_TYPE = YES_ERROR;
				GCC_WARN_UNDECLARED_SELECTOR = YES;
				GCC_WARN_UNINITIALIZED_AUTOS = YES_AGGRESSIVE;
				GCC_WARN_UNUSED_FUNCTION = YES;
				GCC_WARN_UNUSED_VARIABLE = YES;
				IPHONEOS_DEPLOYMENT_TARGET = 26.2;
				LOCALIZATION_PREFERS_STRING_CATALOGS = YES;
				MTL_ENABLE_DEBUG_INFO = NO;
				MTL_FAST_MATH = YES;
				SDKROOT = iphoneos;
				SWIFT_COMPILATION_MODE = wholemodule;
				VALIDATE_PRODUCT = YES;
			};
			name = Release;
		};
		3936052E2F1FFA9100B26EB7 /* Debug */ = {
			isa = XCBuildConfiguration;
			buildSettings = {
				ASSETCATALOG_COMPILER_APPICON_NAME = MangaSDPIcon;
				ASSETCATALOG_COMPILER_GLOBAL_ACCENT_COLOR_NAME = AccentColor;
				CODE_SIGN_STYLE = Automatic;
				CURRENT_PROJECT_VERSION = 1;
				DEVELOPMENT_TEAM = AZRCQMBTMA;
				ENABLE_PREVIEWS = YES;
				GENERATE_INFOPLIST_FILE = YES;
				INFOPLIST_FILE = MangaSDP/Info.plist;
				INFOPLIST_KEY_UIApplicationSceneManifest_Generation = YES;
				INFOPLIST_KEY_UIApplicationSupportsIndirectInputEvents = YES;
				INFOPLIST_KEY_UILaunchScreen_Generation = YES;
				INFOPLIST_KEY_UISupportedInterfaceOrientations = UIInterfaceOrientationPortrait;
				INFOPLIST_KEY_UISupportedInterfaceOrientations_iPad = "UIInterfaceOrientationLandscapeLeft UIInterfaceOrientationLandscapeRight UIInterfaceOrientationPortrait UIInterfaceOrientationPortraitUpsideDown";
				IPHONEOS_DEPLOYMENT_TARGET = 26.0;
				LD_RUNPATH_SEARCH_PATHS = (
					"$(inherited)",
					"@executable_path/Frameworks",
				);
				MARKETING_VERSION = 1.0;
				PRODUCT_BUNDLE_IDENTIFIER = com.MangaSDP;
				PRODUCT_NAME = "$(TARGET_NAME)";
				STRING_CATALOG_GENERATE_SYMBOLS = YES;
				SWIFT_APPROACHABLE_CONCURRENCY = YES;
				SWIFT_DEFAULT_ACTOR_ISOLATION = MainActor;
				SWIFT_EMIT_LOC_STRINGS = YES;
				SWIFT_STRICT_CONCURRENCY = complete;
				SWIFT_UPCOMING_FEATURE_MEMBER_IMPORT_VISIBILITY = YES;
				SWIFT_VERSION = 6.0;
				TARGETED_DEVICE_FAMILY = "1,2";
			};
			name = Debug;
		};
		3936052F2F1FFA9100B26EB7 /* Release */ = {
			isa = XCBuildConfiguration;
			buildSettings = {
				ASSETCATALOG_COMPILER_APPICON_NAME = MangaSDPIcon;
				ASSETCATALOG_COMPILER_GLOBAL_ACCENT_COLOR_NAME = AccentColor;
				CODE_SIGN_STYLE = Automatic;
				CURRENT_PROJECT_VERSION = 1;
				DEVELOPMENT_TEAM = AZRCQMBTMA;
				ENABLE_PREVIEWS = YES;
				GENERATE_INFOPLIST_FILE = YES;
				INFOPLIST_FILE = MangaSDP/Info.plist;
				INFOPLIST_KEY_UIApplicationSceneManifest_Generation = YES;
				INFOPLIST_KEY_UIApplicationSupportsIndirectInputEvents = YES;
				INFOPLIST_KEY_UILaunchScreen_Generation = YES;
				INFOPLIST_KEY_UISupportedInterfaceOrientations = UIInterfaceOrientationPortrait;
				INFOPLIST_KEY_UISupportedInterfaceOrientations_iPad = "UIInterfaceOrientationLandscapeLeft UIInterfaceOrientationLandscapeRight UIInterfaceOrientationPortrait UIInterfaceOrientationPortraitUpsideDown";
				IPHONEOS_DEPLOYMENT_TARGET = 26.0;
				LD_RUNPATH_SEARCH_PATHS = (
					"$(inherited)",
					"@executable_path/Frameworks",
				);
				MARKETING_VERSION = 1.0;
				PRODUCT_BUNDLE_IDENTIFIER = com.MangaSDP;
				PRODUCT_NAME = "$(TARGET_NAME)";
				STRING_CATALOG_GENERATE_SYMBOLS = YES;
				SWIFT_APPROACHABLE_CONCURRENCY = YES;
				SWIFT_DEFAULT_ACTOR_ISOLATION = MainActor;
				SWIFT_EMIT_LOC_STRINGS = YES;
				SWIFT_STRICT_CONCURRENCY = complete;
				SWIFT_UPCOMING_FEATURE_MEMBER_IMPORT_VISIBILITY = YES;
				SWIFT_VERSION = 6.0;
				TARGETED_DEVICE_FAMILY = "1,2";
			};
			name = Release;
		};
/* End XCBuildConfiguration section */

/* Begin XCConfigurationList section */
		3936051D2F1FFA9000B26EB7 /* Build configuration list for PBXProject "MangaSDP" */ = {
			isa = XCConfigurationList;
			buildConfigurations = (
				3936052B2F1FFA9100B26EB7 /* Debug */,
				3936052C2F1FFA9100B26EB7 /* Release */,
			);
			defaultConfigurationIsVisible = 0;
			defaultConfigurationName = Release;
		};
		3936052D2F1FFA9100B26EB7 /* Build configuration list for PBXNativeTarget "MangaSDP" */ = {
			isa = XCConfigurationList;
			buildConfigurations = (
				3936052E2F1FFA9100B26EB7 /* Debug */,
				3936052F2F1FFA9100B26EB7 /* Release */,
			);
			defaultConfigurationIsVisible = 0;
			defaultConfigurationName = Release;
		};
/* End XCConfigurationList section */
	};
	rootObject = 3936051A2F1FFA9000B26EB7 /* Project object */;
}
